{
  "lockfileVersion": 1,
  "configVersion": 1,
  "workspaces": {
    "": {
      "name": "nba-api-ts",
      "devDependencies": {
        "@biomejs/biome": "^2.5.10",
        "@types/bun": "^1.4.0",
        "tlsclientwrapper": "^4.3.0",
        "typedoc": "0.28.20",
        "typescript": "^7.0.2",
      },
    },
  },
  "trustedDependencies": [
    "koffi",
  ],
  "packages": {
    "@biomejs/biome": ["@biomejs/biome@2.5.10", "", { "optionalDependencies": { "@biomejs/cli-darwin-arm64": "2.5.10", "@biomejs/cli-darwin-x64": "2.5.10", "@biomejs/cli-linux-arm64": "2.5.10", "@biomejs/cli-linux-arm64-musl": "2.5.10", "@biomejs/cli-linux-x64": "2.5.10", "@biomejs/cli-linux-x64-musl": "2.5.10", "@biomejs/cli-win32-arm64": "2.5.10", "@biomejs/cli-win32-x64": "2.5.10" }, "bin": { "biome": "bin/biome" } }, "sha512-WRKXARA3kTuiV5sxqTpobJ/I0MVd4vk3pOL6wnp5az4LntFIhWTj1RWZq3DI9PCEN3lXcqy7p5aqUHzvq8AXyQ=="],

    "@biomejs/cli-darwin-arm64": ["@biomejs/cli-darwin-arm64@2.5.10", "", { "os": "darwin", "cpu": "arm64" }, "sha512-ItCrxKK6SXVT6flYs0qIuBd4AA3TTTl4d66Re6YI2FuGZnN85NmuYNzkiTJUyYw8qBLv69L5zTUB6uyWd++h3Q=="],

    "@biomejs/cli-darwin-x64": ["@biomejs/cli-darwin-x64@2.5.10", "", { "os": "darwin", "cpu": "x64" }, "sha512-yLsPU9pAmtChXDu8vhKAzErqe+LeeYuwuUB2FZMkRitsmdodxsYRa9KHrFispsUHzzOu+9HB3nP/TQxyia+Sjw=="],

    "@biomejs/cli-linux-arm64": ["@biomejs/cli-linux-arm64@2.5.10", "", { "os": "linux", "cpu": "arm64" }, "sha512-VG8uQW/86a1roLaIFvtIbEigxIdzdJ190oGyg1tV7VYeQtOS+x10sflk7WbuXgw91EtZX5DlIIIej1YqkNLlcg=="],

    "@biomejs/cli-linux-arm64-musl": ["@biomejs/cli-linux-arm64-musl@2.5.10", "", { "os": "linux", "cpu": "arm64" }, "sha512-t1QAKZwQJRB4dvgJSgFiQ4BNfNPChg69BNonz854qLVxnjT3UvDzQg9mbkTJRu35ZqU0Rw10A73J8Urgbg2RPw=="],

    "@biomejs/cli-linux-x64": ["@biomejs/cli-linux-x64@2.5.10", "", { "os": "linux", "cpu": "x64" }, "sha512-4O6T0eq2heoHZN0a9UX+rWQoxXEBaKf+lRi2hbsGlHneUz9BWXM76nEWMK7Eeq8gzMxR1khQB6BFpAASpeXqGg=="],

    "@biomejs/cli-linux-x64-musl": ["@biomejs/cli-linux-x64-musl@2.5.10", "", { "os": "linux", "cpu": "x64" }, "sha512-pgDDqp9JybHm2I0KRgzN6i4+lt8xu4iqxUwLzglUMmOmyRTU1AYBGKzh9sNMOtIjah7xoWvKHlLVetvyifzoiQ=="],

    "@biomejs/cli-win32-arm64": ["@biomejs/cli-win32-arm64@2.5.10", "", { "os": "win32", "cpu": "arm64" }, "sha512-pxAbxduPO4xq/Cvgaa2lOrs9BB0hEXmmDqfMNP4ZOffGOkUrD1/QGw9UAMpFQpX2P8MqTIIRuQKcmetum4Oa6A=="],

    "@biomejs/cli-win32-x64": ["@biomejs/cli-win32-x64@2.5.10", "", { "os": "win32", "cpu": "x64" }, "sha512-M+2dgBsl3lXRiTfgPVc2p3anS4Tocojke4rzFLScZ2Y/wmF+36dRb1iHCLiyGqOzQGyTplZH1HnEYviiAqi3nA=="],

    "@gerrit0/mini-shiki": ["@gerrit0/mini-shiki@3.23.0", "", { "dependencies": { "@shikijs/engine-oniguruma": "^3.23.0", "@shikijs/langs": "^3.23.0", "@shikijs/themes": "^3.23.0", "@shikijs/types": "^3.23.0", "@shikijs/vscode-textmate": "^10.0.2" } }, "sha512-bEMORlG0cqdjVyCEuU0cDQbORWX+kYCeo0kV1lbxF5bt4r7SID2l9bqsxJEM0zndaxpOUT7riCyIVEuqq/Ynxg=="],

    "@koromix/koffi-darwin-arm64": ["@koromix/koffi-darwin-arm64@3.1.6", "", { "os": "darwin", "cpu": "arm64" }, "sha512-8FHyXGCZN7/iQf4f7W5BRysmtdlAFvSx6FpmX4u6wmkZiX/2e9hIRdGLiZYlHGudlcA18UmXB/cMiyhJ7fJkzA=="],

    "@koromix/koffi-darwin-x64": ["@koromix/koffi-darwin-x64@3.1.6", "", { "os": "darwin", "cpu": "x64" }, "sha512-uzx/jqFQuSHqgg1zaRidTBTCfj8Y9M0SDTO8HeoI9s9fJhiJ1mbB9TTwJO5c2hiMnuWg2m1byczC8BaIH6cG/w=="],

    "@koromix/koffi-freebsd-arm64": ["@koromix/koffi-freebsd-arm64@3.1.6", "", { "os": "freebsd", "cpu": "arm64" }, "sha512-PjpTVrsCK5YTtixOw7VsseYXJOyoY6k0qBt+bf0T9h3wyV06y73rALsorFDDEoYpLUBZO7R6EIMs6CpUrEkNTQ=="],

    "@koromix/koffi-freebsd-ia32": ["@koromix/koffi-freebsd-ia32@3.1.6", "", { "os": "freebsd", "cpu": "ia32" }, "sha512-ETYwL820HtFwYoOVzgyvmFmzTHRo9DJtGYTxa5Nb7ajaa5ldCum0jbmUJ3PMECxFTLxD5Q6PYZ8Xbp101bGeSg=="],

    "@koromix/koffi-freebsd-x64": ["@koromix/koffi-freebsd-x64@3.1.6", "", { "os": "freebsd", "cpu": "x64" }, "sha512-BkqxkNXhAAT9toU2stvLwx1iKHPDx7h08NCICyBbjYEXkCAEr84igTkpE5V3XJ9xZZ2gKll7VvdhxorHtHUqZw=="],

    "@koromix/koffi-linux-arm64": ["@koromix/koffi-linux-arm64@3.1.6", "", { "os": "linux", "cpu": "arm64" }, "sha512-cM4XPm9ljbCrcPgXjzFYjDNxDUvvuR7TCYaEoo1AKjwZT/vmWhu2xN3pomfbsHh6aVn80SFA3enufQnaETW1rQ=="],

    "@koromix/koffi-linux-ia32": ["@koromix/koffi-linux-ia32@3.1.6", "", { "os": "linux", "cpu": "ia32" }, "sha512-l1SVTpO10iaQt8slbowJpzK4fbwQZ7ufj9tmCyAcIwWUpyAbPS83mJMctU72If6N9/gCS2wuRqwnYB2uPLLhLg=="],

    "@koromix/koffi-linux-loong64": ["@koromix/koffi-linux-loong64@3.1.6", "", { "os": "linux", "cpu": "none" }, "sha512-KpTJpMSbIdCVFU26ynt0xy4x15h+y6AwPJxj2+iVxJhCzJf4oisCPc0YH2VnutuLV2nVzSrFm7sL/WSOqPgkXw=="],

    "@koromix/koffi-linux-riscv64": ["@koromix/koffi-linux-riscv64@3.1.6", "", { "os": "linux", "cpu": "none" }, "sha512-YdFNpsywnXiYOYQlDAatf7TJLnspbGXdmfwIZhf82kbKSflYUsq4tI6NmoUOzM89oIWDGpYqd4Hz3xL7tsyXsw=="],

    "@koromix/koffi-linux-x64": ["@koromix/koffi-linux-x64@3.1.6", "", { "os": "linux", "cpu": "x64" }, "sha512-Xx5mpr9VcaMCXfvbqIiLIWIL9Iuu6F4r3iMXg7+zZCqYUFZPFwJgiDQBLxctHv2OYgIfAoaaHMW0GC1cJkHfbA=="],

    "@koromix/koffi-openbsd-ia32": ["@koromix/koffi-openbsd-ia32@3.1.6", "", { "os": "openbsd", "cpu": "ia32" }, "sha512-39Np4QTxhTlTT6RRveIeP+TnbzrwuDJ0UMyHxEZ+oGtzmb9GqWhl9T1oyehG6v/O+c4BffafG2NwLkCZ7tDKWw=="],

    "@koromix/koffi-openbsd-x64": ["@koromix/koffi-openbsd-x64@3.1.6", "", { "os": "openbsd", "cpu": "x64" }, "sha512-3EynGn3ycQRqaMWGmUJ0tdtuQdStByqSy/tJ0ZGKWizbMGdFAE73YpgLsyd8BDvwnKWytVG/OLNb5nDHpfd9Dg=="],

    "@koromix/koffi-win32-arm64": ["@koromix/koffi-win32-arm64@3.1.6", "", { "os": "win32", "cpu": "arm64" }, "sha512-27FdPPRtT4xbO9bsd2OZa95M5YQ7bcJ8QjCRO57UUMI21REfkDegjqKwqo/CFlugxXlJf5IYtG2rq4BEYIrvxg=="],

    "@koromix/koffi-win32-ia32": ["@koromix/koffi-win32-ia32@3.1.6", "", { "os": "win32", "cpu": "ia32" }, "sha512-5mVelLKVDup4eoxZOpCzCyMPxoctsg+Qe4J9O5BP4KbBEdqoOEqaNEBBRgNzXcdr2g+GGfmIUo+oVR1NvIdiJw=="],

    "@koromix/koffi-win32-x64": ["@koromix/koffi-win32-x64@3.1.6", "", { "os": "win32", "cpu": "x64" }, "sha512-lPKjAaHz0aoiZXT/wDVqH+joR5y3lCZj1s9Bk5qx/DGRq+0MK8Ib8VoqiBOrJ69NG5AsJSvn0tQDcSqfRgLmBQ=="],

    "@napi-rs/nice": ["@napi-rs/nice@1.1.1", "", { "optionalDependencies": { "@napi-rs/nice-android-arm-eabi": "1.1.1", "@napi-rs/nice-android-arm64": "1.1.1", "@napi-rs/nice-darwin-arm64": "1.1.1", "@napi-rs/nice-darwin-x64": "1.1.1", "@napi-rs/nice-freebsd-x64": "1.1.1", "@napi-rs/nice-linux-arm-gnueabihf": "1.1.1", "@napi-rs/nice-linux-arm64-gnu": "1.1.1", "@napi-rs/nice-linux-arm64-musl": "1.1.1", "@napi-rs/nice-linux-ppc64-gnu": "1.1.1", "@napi-rs/nice-linux-riscv64-gnu": "1.1.1", "@napi-rs/nice-linux-s390x-gnu": "1.1.1", "@napi-rs/nice-linux-x64-gnu": "1.1.1", "@napi-rs/nice-linux-x64-musl": "1.1.1", "@napi-rs/nice-openharmony-arm64": "1.1.1", "@napi-rs/nice-win32-arm64-msvc": "1.1.1", "@napi-rs/nice-win32-ia32-msvc": "1.1.1", "@napi-rs/nice-win32-x64-msvc": "1.1.1" } }, "sha512-xJIPs+bYuc9ASBl+cvGsKbGrJmS6fAKaSZCnT0lhahT5rhA2VVy9/EcIgd2JhtEuFOJNx7UHNn/qiTPTY4nrQw=="],

    "@napi-rs/nice-android-arm-eabi": ["@napi-rs/nice-android-arm-eabi@1.1.1", "", { "os": "android", "cpu": "arm" }, "sha512-kjirL3N6TnRPv5iuHw36wnucNqXAO46dzK9oPb0wj076R5Xm8PfUVA9nAFB5ZNMmfJQJVKACAPd/Z2KYMppthw=="],

    "@napi-rs/nice-android-arm64": ["@napi-rs/nice-android-arm64@1.1.1", "", { "os": "android", "cpu": "arm64" }, "sha512-blG0i7dXgbInN5urONoUCNf+DUEAavRffrO7fZSeoRMJc5qD+BJeNcpr54msPF6qfDD6kzs9AQJogZvT2KD5nw=="],

    "@napi-rs/nice-darwin-arm64": ["@napi-rs/nice-darwin-arm64@1.1.1", "", { "os": "darwin", "cpu": "arm64" }, "sha512-s/E7w45NaLqTGuOjC2p96pct4jRfo61xb9bU1unM/MJ/RFkKlJyJDx7OJI/O0ll/hrfpqKopuAFDV8yo0hfT7A=="],

    "@napi-rs/nice-darwin-x64": ["@napi-rs/nice-darwin-x64@1.1.1", "", { "os": "darwin", "cpu": "x64" }, "sha512-dGoEBnVpsdcC+oHHmW1LRK5eiyzLwdgNQq3BmZIav+9/5WTZwBYX7r5ZkQC07Nxd3KHOCkgbHSh4wPkH1N1LiQ=="],

    "@napi-rs/nice-freebsd-x64": ["@napi-rs/nice-freebsd-x64@1.1.1", "", { "os": "freebsd", "cpu": "x64" }, "sha512-kHv4kEHAylMYmlNwcQcDtXjklYp4FCf0b05E+0h6nDHsZ+F0bDe04U/tXNOqrx5CmIAth4vwfkjjUmp4c4JktQ=="],

    "@napi-rs/nice-linux-arm-gnueabihf": ["@napi-rs/nice-linux-arm-gnueabihf@1.1.1", "", { "os": "linux", "cpu": "arm" }, "sha512-E1t7K0efyKXZDoZg1LzCOLxgolxV58HCkaEkEvIYQx12ht2pa8hoBo+4OB3qh7e+QiBlp1SRf+voWUZFxyhyqg=="],

    "@napi-rs/nice-linux-arm64-gnu": ["@napi-rs/nice-linux-arm64-gnu@1.1.1", "", { "os": "linux", "cpu": "arm64" }, "sha512-CIKLA12DTIZlmTaaKhQP88R3Xao+gyJxNWEn04wZwC2wmRapNnxCUZkVwggInMJvtVElA+D4ZzOU5sX4jV+SmQ=="],

    "@napi-rs/nice-linux-arm64-musl": ["@napi-rs/nice-linux-arm64-musl@1.1.1", "", { "os": "linux", "cpu": "arm64" }, "sha512-+2Rzdb3nTIYZ0YJF43qf2twhqOCkiSrHx2Pg6DJaCPYhhaxbLcdlV8hCRMHghQ+EtZQWGNcS2xF4KxBhSGeutg=="],

    "@napi-rs/nice-linux-ppc64-gnu": ["@napi-rs/nice-linux-ppc64-gnu@1.1.1", "", { "os": "linux", "cpu": "ppc64" }, "sha512-4FS8oc0GeHpwvv4tKciKkw3Y4jKsL7FRhaOeiPei0X9T4Jd619wHNe4xCLmN2EMgZoeGg+Q7GY7BsvwKpL22Tg=="],

    "@napi-rs/nice-linux-riscv64-gnu": ["@napi-rs/nice-linux-riscv64-gnu@1.1.1", "", { "os": "linux", "cpu": "none" }, "sha512-HU0nw9uD4FO/oGCCk409tCi5IzIZpH2agE6nN4fqpwVlCn5BOq0MS1dXGjXaG17JaAvrlpV5ZeyZwSon10XOXw=="],

    "@napi-rs/nice-linux-s390x-gnu": ["@napi-rs/nice-linux-s390x-gnu@1.1.1", "", { "os": "linux", "cpu": "s390x" }, "sha512-2YqKJWWl24EwrX0DzCQgPLKQBxYDdBxOHot1KWEq7aY2uYeX+Uvtv4I8xFVVygJDgf6/92h9N3Y43WPx8+PAgQ=="],

    "@napi-rs/nice-linux-x64-gnu": ["@napi-rs/nice-linux-x64-gnu@1.1.1", "", { "os": "linux", "cpu": "x64" }, "sha512-/gaNz3R92t+dcrfCw/96pDopcmec7oCcAQ3l/M+Zxr82KT4DljD37CpgrnXV+pJC263JkW572pdbP3hP+KjcIg=="],

    "@napi-rs/nice-linux-x64-musl": ["@napi-rs/nice-linux-x64-musl@1.1.1", "", { "os": "linux", "cpu": "x64" }, "sha512-xScCGnyj/oppsNPMnevsBe3pvNaoK7FGvMjT35riz9YdhB2WtTG47ZlbxtOLpjeO9SqqQ2J2igCmz6IJOD5JYw=="],

    "@napi-rs/nice-openharmony-arm64": ["@napi-rs/nice-openharmony-arm64@1.1.1", "", { "os": "none", "cpu": "arm64" }, "sha512-6uJPRVwVCLDeoOaNyeiW0gp2kFIM4r7PL2MczdZQHkFi9gVlgm+Vn+V6nTWRcu856mJ2WjYJiumEajfSm7arPQ=="],

    "@napi-rs/nice-win32-arm64-msvc": ["@napi-rs/nice-win32-arm64-msvc@1.1.1", "", { "os": "win32", "cpu": "arm64" }, "sha512-uoTb4eAvM5B2aj/z8j+Nv8OttPf2m+HVx3UjA5jcFxASvNhQriyCQF1OB1lHL43ZhW+VwZlgvjmP5qF3+59atA=="],

    "@napi-rs/nice-win32-ia32-msvc": ["@napi-rs/nice-win32-ia32-msvc@1.1.1", "", { "os": "win32", "cpu": "ia32" }, "sha512-CNQqlQT9MwuCsg1Vd/oKXiuH+TcsSPJmlAFc5frFyX/KkOh0UpBLEj7aoY656d5UKZQMQFP7vJNa1DNUNORvug=="],

    "@napi-rs/nice-win32-x64-msvc": ["@napi-rs/nice-win32-x64-msvc@1.1.1", "", { "os": "win32", "cpu": "x64" }, "sha512-vB+4G/jBQCAh0jelMTY3+kgFy00Hlx2f2/1zjMoH821IbplbWZOkLiTYXQkygNTzQJTq5cvwBDgn2ppHD+bglQ=="],

    "@shikijs/engine-oniguruma": ["@shikijs/engine-oniguruma@3.23.0", "", { "dependencies": { "@shikijs/types": "3.23.0", "@shikijs/vscode-textmate": "^10.0.2" } }, "sha512-1nWINwKXxKKLqPibT5f4pAFLej9oZzQTsby8942OTlsJzOBZ0MWKiwzMsd+jhzu8YPCHAswGnnN1YtQfirL35g=="],

    "@shikijs/langs": ["@shikijs/langs@3.23.0", "", { "dependencies": { "@shikijs/types": "3.23.0" } }, "sha512-2Ep4W3Re5aB1/62RSYQInK9mM3HsLeB91cHqznAJMuylqjzNVAVCMnNWRHFtcNHXsoNRayP9z1qj4Sq3nMqYXg=="],

    "@shikijs/themes": ["@shikijs/themes@3.23.0", "", { "dependencies": { "@shikijs/types": "3.23.0" } }, "sha512-5qySYa1ZgAT18HR/ypENL9cUSGOeI2x+4IvYJu4JgVJdizn6kG4ia5Q1jDEOi7gTbN4RbuYtmHh0W3eccOrjMA=="],

    "@shikijs/types": ["@shikijs/types@3.23.0", "", { "dependencies": { "@shikijs/vscode-textmate": "^10.0.2", "@types/hast": "^3.0.4" } }, "sha512-3JZ5HXOZfYjsYSk0yPwBrkupyYSLpAE26Qc0HLghhZNGTZg/SKxXIIgoxOpmmeQP0RRSDJTk1/vPfw9tbw+jSQ=="],

    "@shikijs/vscode-textmate": ["@shikijs/vscode-textmate@10.0.2", "", {}, "sha512-83yeghZ2xxin3Nj8z1NMd/NCuca+gsYXswywDy5bHvwlWL8tpTQmzGeUuHd9FC3E/SBEMvzJRwWEOz5gGes9Qg=="],

    "@types/bun": ["@types/bun@1.4.0", "", { "dependencies": { "bun-types": "1.4.0" } }, "sha512-K+lZULY23vRgK/CfTjFIV+tyifaNdSMlPh9j+6mQ/cLfpOznLyAuzgV/JQysyECpkBQLVMSyvjlr2fBUSA9wFQ=="],

    "@types/hast": ["@types/hast@3.0.4", "", { "dependencies": { "@types/unist": "*" } }, "sha512-WPs+bbQw5aCj+x6laNGWLH3wviHtoCv/P3+otBhbOhJgG8qtpdAMlTCxLtsTWA7LH1Oh/bFCHsBn0TPS5m30EQ=="],

    "@types/node": ["@types/node@25.2.3", "", { "dependencies": { "undici-types": "~7.16.0" } }, "sha512-m0jEgYlYz+mDJZ2+F4v8D1AyQb+QzsNqRuI7xg1VQX/KlKS0qT9r1Mo16yo5F/MtifXFgaofIFsdFMox2SxIbQ=="],

    "@types/unist": ["@types/unist@3.0.3", "", {}, "sha512-ko/gIFJRv177XgZsZcBwnqJN5x/Gien8qNOn0D5bQU/zAzVf9Zt3BlcUiLqhV9y4ARk0GbT3tnUiPNgnTXzc/Q=="],

    "@typescript/typescript-aix-ppc64": ["@typescript/typescript-aix-ppc64@7.0.2", "", { "os": "aix", "cpu": "ppc64" }, "sha512-MTKKkWB7p/0E9xi1d1tHtZ5PiLkGEMIq88pK2CubZjOsLtYTLqhgIgi6zepFa+9GHZ6h05NMCkQxGKiPXMxXtQ=="],

    "@typescript/typescript-darwin-arm64": ["@typescript/typescript-darwin-arm64@7.0.2", "", { "os": "darwin", "cpu": "arm64" }, "sha512-gowzar9MwS/aRWp6f3a4KUqzRjAZjOsmGNCM6LcTgXum+dBfgsBVMN+AgvOCCbguXyick6LJhpBszxMebJ8syA=="],

    "@typescript/typescript-darwin-x64": ["@typescript/typescript-darwin-x64@7.0.2", "", { "os": "darwin", "cpu": "x64" }, "sha512-SZ9xZInqApNlNGc9s0W1VSsktYSOe9cFqNOIqmN1Gs8SmkjKZYFt017G4VwPxASInODuAdbTW7sXiFUf893RgA=="],

    "@typescript/typescript-freebsd-arm64": ["@typescript/typescript-freebsd-arm64@7.0.2", "", { "os": "freebsd", "cpu": "arm64" }, "sha512-W5NH4y/J0plIIS5b2xvTEkU7JFxyqdMAOgf+Ilhl0vHQXKO5dZoxd+C/jEtq56c4F3wk71RB4BMRQ2XdI+bwYQ=="],

    "@typescript/typescript-freebsd-x64": ["@typescript/typescript-freebsd-x64@7.0.2", "", { "os": "freebsd", "cpu": "x64" }, "sha512-UMGDx5sTpzNw3WiPebH7l90IWfJggEd+egHt/q6p7/Cm3zqoV7VxkGXt+3DxPIw8CcmvAB0j3sVVfbhX+M4Tpw=="],

    "@typescript/typescript-linux-arm": ["@typescript/typescript-linux-arm@7.0.2", "", { "os": "linux", "cpu": "arm" }, "sha512-gffT3xPz9sR7j/YJExkyPntrI0P2EP9XbOyWzth2/Gs0RstK+90RBcO0ncXoXy/beYll1SXw846Nf2zdnEz0QQ=="],

    "@typescript/typescript-linux-arm64": ["@typescript/typescript-linux-arm64@7.0.2", "", { "os": "linux", "cpu": "arm64" }, "sha512-Qh4eU4/y3yDjnfjjyPYihMj5/ODIlmt+Bzu17OI+fiSRDW57QmU5SiN63exPRNJPKUzcc1INa1NXdrJ+MqHjUQ=="],

    "@typescript/typescript-linux-loong64": ["@typescript/typescript-linux-loong64@7.0.2", "", { "os": "linux", "cpu": "none" }, "sha512-uEHck9i8hoAzXPiYRib1O7miOnz23SxIeVl6F4LXox+qov1K35jHcEW6VHKvZI+pyvl7fZEP4MCU5LYvIq1GuQ=="],

    "@typescript/typescript-linux-mips64el": ["@typescript/typescript-linux-mips64el@7.0.2", "", { "os": "linux", "cpu": "none" }, "sha512-R4KvAMnE43W5Qeqb0Ly56O3mWMWIAgsMyz36DCaycd5nbg/9kzm0liw3JocfRqyJY0KPmzFjbswozXyW0DnIYA=="],

    "@typescript/typescript-linux-ppc64": ["@typescript/typescript-linux-ppc64@7.0.2", "", { "os": "linux", "cpu": "ppc64" }, "sha512-DORx5b3sd/4S7eayxm4FQv+A7CrkUIGRaHiwI8oiHTAI1fAPWhF4J0vAlkC8biAlHSVVwxMQ3tjZ2/DVbnQiiA=="],

    "@typescript/typescript-linux-riscv64": ["@typescript/typescript-linux-riscv64@7.0.2", "", { "os": "linux", "cpu": "none" }, "sha512-wf0jqEDOjrPRnKwYRyyJDRo11KMbvMFrU+q4zqKyChODBzvlkbhNQfKvLxQCcwTpdDaXSHZTVuh0JoCrKCUMHQ=="],

    "@typescript/typescript-linux-s390x": ["@typescript/typescript-linux-s390x@7.0.2", "", { "os": "linux", "cpu": "s390x" }, "sha512-IkwJc3L7yhytWd/ewjyxNDfOmswCm9GWMJT/ue/dU4aZNbwZeYAetq42VyLmsmSjvoX7z74X6ZaYCtzAr0EuGw=="],

    "@typescript/typescript-linux-x64": ["@typescript/typescript-linux-x64@7.0.2", "", { "os": "linux", "cpu": "x64" }, "sha512-EYdf2cNg7rgCWJnxCdJ+F3V39O8ihb37eHAu1LK8oAFizgTQbPOK7zHHXbPt8rX24COqODXeI3sIf0fCXG7H/A=="],

    "@typescript/typescript-netbsd-arm64": ["@typescript/typescript-netbsd-arm64@7.0.2", "", { "os": "none", "cpu": "arm64" }, "sha512-+polYF4MF04aPpO5FTkHran9yUQDSXqy5GiSDKpsll5jy3l3+g9QLhpf39T+ePtefhXLOGrLl0QIjkQP6VnelA=="],

    "@typescript/typescript-netbsd-x64": ["@typescript/typescript-netbsd-x64@7.0.2", "", { "os": "none", "cpu": "x64" }, "sha512-8YIT0EHM/3dq10ZOVF/A7pc/YSMtbcecct4rWtexrnSCHOPcpC2KTLXfTCR6vDpnSiY12heNb1GiN/wu+T/FyA=="],

    "@typescript/typescript-openbsd-arm64": ["@typescript/typescript-openbsd-arm64@7.0.2", "", { "os": "openbsd", "cpu": "arm64" }, "sha512-APT8+ClYnuYm1u9+kgGXoMj2VzWzcymwh2gNSQVySHfkRDGOTVkoWLjCmOQSaO+PoqQ57B0flRp9SA+7GnnkzQ=="],

    "@typescript/typescript-openbsd-x64": ["@typescript/typescript-openbsd-x64@7.0.2", "", { "os": "openbsd", "cpu": "x64" }, "sha512-yX7s+Q0Dln0Dt9tEzZsAjXXR/+ytBM7AlglaqyeMPxQszJ1JhlJdZ6jLA+IzldHtflX81em7lDao1xXu+aRRkg=="],

    "@typescript/typescript-sunos-x64": ["@typescript/typescript-sunos-x64@7.0.2", "", { "os": "sunos", "cpu": "x64" }, "sha512-dLJDGaLZ1D4HPQn62u1n8mBDkJREwMsAkCdkwd4Ieqw+x3TUyTsqY0YiBCtE6H6OzzgGk3iuZ3vFWRS+E8/d1g=="],

    "@typescript/typescript-win32-arm64": ["@typescript/typescript-win32-arm64@7.0.2", "", { "os": "win32", "cpu": "arm64" }, "sha512-Gyl1Vy6OsWesLzmq+EP0Fb7b4Nid5232AvcA2SFcdYreldpNtYFFofPjnt62y9hQy7VTaZp65ICJjuAQRaVcIQ=="],

    "@typescript/typescript-win32-x64": ["@typescript/typescript-win32-x64@7.0.2", "", { "os": "win32", "cpu": "x64" }, "sha512-0BQ3HkAHHlKLSp1qRvf3SUhGpGsDuhB/jgFw75guyqbxJqEaS0Cw/VFO8i2nHglJUzQCRtMMR/IBAKE3ETMC4g=="],

    "argparse": ["argparse@2.0.1", "", {}, "sha512-8+9WqebbFzpX9OR+Wa6O29asIogeRMzcGtAINdpMHHyAg10f05aSFVBbcEqGf/PXw1EjAZ+q2/bEBg3DvurK3Q=="],

    "balanced-match": ["balanced-match@4.0.4", "", {}, "sha512-BLrgEcRTwX2o6gGxGOCNyMvGSp35YofuYzw9h1IMTRmKqttAZZVU67bdb9Pr2vUHA8+j3i2tJfjO6C6+4myGTA=="],

    "brace-expansion": ["brace-expansion@5.0.5", "", { "dependencies": { "balanced-match": "^4.0.2" } }, "sha512-VZznLgtwhn+Mact9tfiwx64fA9erHH/MCXEUfB/0bX/6Fz6ny5EGTXYltMocqg4xFAQZtnO3DHWWXi8RiuN7cQ=="],

    "bun-types": ["bun-types@1.4.0", "", { "dependencies": { "@types/node": "*" } }, "sha512-iIKw23BspnQQYd3prITOBxeUsxBHnwzX6YJfGMuNOZzeNcMmVqzIIVGRm1l69ogaPQmb4wB6BN8mA5bE9YuC5Q=="],

    "entities": ["entities@4.5.0", "", {}, "sha512-V0hjH4dGPh9Ao5p0MoRY6BVqtwCjhz6vI5LT8AJ55H+4g9/4vbHx1I54fS0XuclLhDHArPQCiMjDxjaL8fPxhw=="],

    "koffi": ["koffi@3.1.6", "", { "optionalDependencies": { "@koromix/koffi-darwin-arm64": "3.1.6", "@koromix/koffi-darwin-x64": "3.1.6", "@koromix/koffi-freebsd-arm64": "3.1.6", "@koromix/koffi-freebsd-ia32": "3.1.6", "@koromix/koffi-freebsd-x64": "3.1.6", "@koromix/koffi-linux-arm64": "3.1.6", "@koromix/koffi-linux-ia32": "3.1.6", "@koromix/koffi-linux-loong64": "3.1.6", "@koromix/koffi-linux-riscv64": "3.1.6", "@koromix/koffi-linux-x64": "3.1.6", "@koromix/koffi-openbsd-ia32": "3.1.6", "@koromix/koffi-openbsd-x64": "3.1.6", "@koromix/koffi-win32-arm64": "3.1.6", "@koromix/koffi-win32-ia32": "3.1.6", "@koromix/koffi-win32-x64": "3.1.6" } }, "sha512-ln60chEb3o7Du1ayjwl6BFiNN1wZK+3cTM2wWGiHLEzCY/FdTIN1ER5VWDwHq7J/j4tSnnrHaH5ABS1EO6+6ag=="],

    "linkify-it": ["linkify-it@5.0.2", "", { "dependencies": { "uc.micro": "^2.0.0" } }, "sha512-ONTm2jCMAVZjgQa/Fy1kScXsuOoF5NPTsoFBdE1KVIZ2vAh/r9+Bqo+0jINCBYnavTPQZz38QzFTme79ENoN3Q=="],

    "lunr": ["lunr@2.3.9", "", {}, "sha512-zTU3DaZaF3Rt9rhN3uBMGQD3dD2/vFQqnvZCDv4dl5iOzq2IZQqTxu90r4E5J+nP70J3ilqVCrbho2eWaeW8Ow=="],

    "markdown-it": ["markdown-it@14.3.0", "", { "dependencies": { "argparse": "^2.0.1", "entities": "^4.5.0", "linkify-it": "^5.0.2", "mdurl": "^2.0.0", "punycode.js": "^2.3.1", "uc.micro": "^2.1.0" }, "bin": { "markdown-it": "bin/markdown-it.mjs" } }, "sha512-RCEsPjR+sr0x+AuYp601tKTkgFG4YEPLCzHST3cQ/fhlJkqAkz1L2/Qbp1j9qw5SBwQHFBoW8+hoN5xssOF0Tw=="],

    "mdurl": ["mdurl@2.0.0", "", {}, "sha512-Lf+9+2r+Tdp5wXDXC4PcIBjTDtq4UKjCPMQhKIuzpJNW0b96kVqSwW0bT7FhRSfmAiFYgP+SCRvdrDozfh0U5w=="],

    "minimatch": ["minimatch@10.2.5", "", { "dependencies": { "brace-expansion": "^5.0.5" } }, "sha512-MULkVLfKGYDFYejP07QOurDLLQpcjk7Fw+7jXS2R2czRQzR56yHRveU5NDJEOviH+hETZKSkIk5c+T23GjFUMg=="],

    "piscina": ["piscina@5.3.1", "", { "optionalDependencies": { "@napi-rs/nice": "^1.0.4" } }, "sha512-LYbVUyHb5CzavqNgs64Uv+gHkrCdEt73kfPazdsJnndDSJiaEDIzMUIAHbtV3plzaoBUphZfXZCQKF01LHMgXw=="],

    "punycode.js": ["punycode.js@2.3.1", "", {}, "sha512-uxFIHU0YlHYhDQtV4R9J6a52SLx28BCjT+4ieh7IGbgwVJWO+km431c4yRlREUAsAmt/uMjQUyQHNEPf0M39CA=="],

    "tlsclientwrapper": ["tlsclientwrapper@4.3.0", "", { "dependencies": { "koffi": "^3.1.1", "piscina": "^5.3.0" } }, "sha512-rgnB/xvlLFgXNJfI8d/o9+jpvhLPSNLgrutjS04ajgZgD2RwgZalH9HfWeyU0V6CGyTd8NW0fkZ1CiD96vrzeQ=="],

    "typedoc": ["typedoc@0.28.20", "", { "dependencies": { "@gerrit0/mini-shiki": "^3.23.0", "lunr": "^2.3.9", "markdown-it": "^14.3.0", "minimatch": "^10.2.5", "yaml": "^2.9.0" }, "peerDependencies": { "typescript": "5.0.x || 5.1.x || 5.2.x || 5.3.x || 5.4.x || 5.5.x || 5.6.x || 5.7.x || 5.8.x || 5.9.x || 6.0.x" }, "bin": { "typedoc": "bin/typedoc" } }, "sha512-uSKqkh8Cr48vllnEy+jdaAgOeR6Y+QCBW7usgUsKj7gJEfR7stw9U/fE49LBnj2tPRKPY0c0EBJSWe9Appmplg=="],

    "typescript": ["typescript@7.0.2", "", { "optionalDependencies": { "@typescript/typescript-aix-ppc64": "7.0.2", "@typescript/typescript-darwin-arm64": "7.0.2", "@typescript/typescript-darwin-x64": "7.0.2", "@typescript/typescript-freebsd-arm64": "7.0.2", "@typescript/typescript-freebsd-x64": "7.0.2", "@typescript/typescript-linux-arm": "7.0.2", "@typescript/typescript-linux-arm64": "7.0.2", "@typescript/typescript-linux-loong64": "7.0.2", "@typescript/typescript-linux-mips64el": "7.0.2", "@typescript/typescript-linux-ppc64": "7.0.2", "@typescript/typescript-linux-riscv64": "7.0.2", "@typescript/typescript-linux-s390x": "7.0.2", "@typescript/typescript-linux-x64": "7.0.2", "@typescript/typescript-netbsd-arm64": "7.0.2", "@typescript/typescript-netbsd-x64": "7.0.2", "@typescript/typescript-openbsd-arm64": "7.0.2", "@typescript/typescript-openbsd-x64": "7.0.2", "@typescript/typescript-sunos-x64": "7.0.2", "@typescript/typescript-win32-arm64": "7.0.2", "@typescript/typescript-win32-x64": "7.0.2" }, "bin": { "tsc": "bin/tsc" } }, "sha512-8FYau96o3NKOhbjKi/qNvG/W5jhzxkbdm5sj9AbZ/5T5sWqn3hJgLfGx27sRKZWTvyzCP8dLRBTf5tBTSRVUNA=="],

    "uc.micro": ["uc.micro@2.1.0", "", {}, "sha512-ARDJmphmdvUk6Glw7y9DQ2bFkKBHwQHLi2lsaH6PPmz/Ka9sFOBsBluozhDltWmnv9u/cF6Rt87znRTPV+yp/A=="],

    "undici-types": ["undici-types@7.16.0", "", {}, "sha512-Zz+aZWSj8LE6zoxD+xrjh4VfkIG8Ya6LvYkZqtUQGJPZjYl53ypCaUwWqo7eI0x66KBGeRo+mlBEkMSeSZ38Nw=="],

    "yaml": ["yaml@2.9.0", "", { "bin": { "yaml": "bin.mjs" } }, "sha512-2AvhNX3mb8zd6Zy7INTtSpl1F15HW6Wnqj0srWlkKLcpYl/gMIMJiyuGq2KeI2YFxUPjdlB+3Lc10seMLtL4cA=="],
  }
}
